// !$*UTF8*$!
{
	archiveVersion = 1;
	classes = {
	};
	objectVersion = 46;
	objects = {

/* Begin PBXBuildFile section */
		6A0B4D001DC67EA800DCA96F /* AppDelegate.swift in Sources */ = {isa = PBXBuildFile; fileRef = 6A0B4CFF1DC67EA800DCA96F /* AppDelegate.swift */; };
		6A0B4D021DC67EA800DCA96F /* ViewController.swift in Sources */ = {isa = PBXBuildFile; fileRef = 6A0B4D011DC67EA800DCA96F /* ViewController.swift */; };
		6A0B4D051DC67EA800DCA96F /* Main.storyboard in Resources */ = {isa = PBXBuildFile; fileRef = 6A0B4D031DC67EA800DCA96F /* Main.storyboard */; };
		6A0B4D071DC67EA800DCA96F /* Assets.xcassets in Resources */ = {isa = PBXBuildFile; fileRef = 6A0B4D061DC67EA800DCA96F /* Assets.xcassets */; };
		6A0B4D0A1DC67EA800DCA96F /* LaunchScreen.storyboard in Resources */ = {isa = PBXBuildFile; fileRef = 6A0B4D081DC67EA800DCA96F /* LaunchScreen.storyboard */; };
		6A1DD6801DC6C8FB0078FC16 /* LoginViewController.swift in Sources */ = {isa = PBXBuildFile; fileRef = 6A1DD67F1DC6C8FB0078FC16 /* LoginViewController.swift */; };
		C9A32317FB182ED9A9786AAC /* Pods_twitter.framework in Frameworks */ = {isa = PBXBuildFile; fileRef = 1A7632E57FB0672D3375F25E /* Pods_twitter.framework */; };
/* End PBXBuildFile section */

/* Begin PBXFileReference section */
		1A7632E57FB0672D3375F25E /* Pods_twitter.framework */ = {isa = PBXFileReference; explicitFileType = wrapper.framework; includeInIndex = 0; path = Pods_twitter.framework; sourceTree = BUILT_PRODUCTS_DIR; };
		6A0B4CFC1DC67EA800DCA96F /* twitter.app */ = {isa = PBXFileReference; explicitFileType = wrapper.application; includeInIndex = 0; path = twitter.app; sourceTree = BUILT_PRODUCTS_DIR; };
		6A0B4CFF1DC67EA800DCA96F /* AppDelegate.swift */ = {isa = PBXFileReference; lastKnownFileType = sourcecode.swift; path = AppDelegate.swift; sourceTree = "<group>"; };
		6A0B4D011DC67EA800DCA96F /* ViewController.swift */ = {isa = PBXFileReference; lastKnownFileType = sourcecode.swift; path = ViewController.swift; sourceTree = "<group>"; };
		6A0B4D041DC67EA800DCA96F /* Base */ = {isa = PBXFileReference; lastKnownFileType = file.storyboard; name = Base; path = Base.lproj/Main.storyboard; sourceTree = "<group>"; };
		6A0B4D061DC67EA800DCA96F /* Assets.xcassets */ = {isa = PBXFileReference; lastKnownFileType = folder.assetcatalog; path = Assets.xcassets; sourceTree = "<group>"; };
		6A0B4D091DC67EA800DCA96F /* Base */ = {isa = PBXFileReference; lastKnownFileType = file.storyboard; name = Base; path = Base.lproj/LaunchScreen.storyboard; sourceTree = "<group>"; };
		6A0B4D0B1DC67EA800DCA96F /* Info.plist */ = {isa = PBXFileReference; lastKnownFileType = text.plist.xml; path = Info.plist; sourceTree = "<group>"; };
		6A1DD67F1DC6C8FB0078FC16 /* LoginViewController.swift */ = {isa = PBXFileReference; fileEncoding = 4; lastKnownFileType = sourcecode.swift; path = LoginViewController.swift; sourceTree = "<group>"; };
		6C1171CB3820A0EA3A84656E /* Pods-twitter.release.xcconfig */ = {isa = PBXFileReference; includeInIndex = 1; lastKnownFileType = text.xcconfig; name = "Pods-twitter.release.xcconfig"; path = "Pods/Target Support Files/Pods-twitter/Pods-twitter.release.xcconfig"; sourceTree = "<group>"; };
		BB18D694A366204F17D57564 /* Pods-twitter.debug.xcconfig */ = {isa = PBXFileReference; includeInIndex = 1; lastKnownFileType = text.xcconfig; name = "Pods-twitter.debug.xcconfig"; path = "Pods/Target Support Files/Pods-twitter/Pods-twitter.debug.xcconfig"; sourceTree = "<group>"; };
/* End PBXFileReference section */

/* Begin PBXFrameworksBuildPhase section */
		6A0B4CF91DC67EA800DCA96F /* Frameworks */ = {
			isa = PBXFrameworksBuildPhase;
			buildActionMask = 2147483647;
			files = (
				C9A32317FB182ED9A9786AAC /* Pods_twitter.framework in Frameworks */,
			);
			runOnlyForDeploymentPostprocessing = 0;
		};
/* End PBXFrameworksBuildPhase section */

/* Begin PBXGroup section */
		34EB0BDA5F1321B1115DF197 /* Pods */ = {
			isa = PBXGroup;
			children = (
				BB18D694A366204F17D57564 /* Pods-twitter.debug.xcconfig */,
				6C1171CB3820A0EA3A84656E /* Pods-twitter.release.xcconfig */,
			);
			name = Pods;
			sourceTree = "<group>";
		};
		60822BD8C3E428C3CBB40300 /* Frameworks */ = {
			isa = PBXGroup;
			children = (
				1A7632E57FB0672D3375F25E /* Pods_twitter.framework */,
			);
			name = Frameworks;
			sourceTree = "<group>";
		};
		6A0B4CF31DC67EA800DCA96F = {
			isa = PBXGroup;
			children = (
				6A0B4CFE1DC67EA800DCA96F /* twitter */,
				6A0B4CFD1DC67EA800DCA96F /* Products */,
				34EB0BDA5F1321B1115DF197 /* Pods */,
				60822BD8C3E428C3CBB40300 /* Frameworks */,
			);
			sourceTree = "<group>";
		};
		6A0B4CFD1DC67EA800DCA96F /* Products */ = {
			isa = PBXGroup;
			children = (
				6A0B4CFC1DC67EA800DCA96F /* twitter.app */,
			);
			name = Products;
			sourceTree = "<group>";
		};
		6A0B4CFE1DC67EA800DCA96F /* twitter */ = {
			isa = PBXGroup;
			children = (
				6A0B4CFF1DC67EA800DCA96F /* AppDelegate.swift */,
				6A0B4D011DC67EA800DCA96F /* ViewController.swift */,
				6A0B4D031DC67EA800DCA96F /* Main.storyboard */,
				6A0B4D061DC67EA800DCA96F /* Assets.xcassets */,
				6A0B4D081DC67EA800DCA96F /* LaunchScreen.storyboard */,
				6A0B4D0B1DC67EA800DCA96F /* Info.plist */,
				6A1DD67F1DC6C8FB0078FC16 /* LoginViewController.swift */,
			);
			path = twitter;
			sourceTree = "<group>";
		};
/* End PBXGroup section */

/* Begin PBXNativeTarget section */
		6A0B4CFB1DC67EA800DCA96F /* twitter */ = {
			isa = PBXNativeTarget;
			buildConfigurationList = 6A0B4D0E1DC67EA800DCA96F /* Build configuration list for PBXNativeTarget "twitter" */;
			buildPhases = (
				B5B4A3644892C9341F8793E7 /* [CP] Check Pods Manifest.lock */,
				6A0B4CF81DC67EA800DCA96F /* Sources */,
				6A0B4CF91DC67EA800DCA96F /* Frameworks */,
				6A0B4CFA1DC67EA800DCA96F /* Resources */,
				5B1689A38B5FEE99719D0586 /* [CP] Embed Pods Frameworks */,
				DAC21B317A9C4AFA0791D70E /* [CP] Copy Pods Resources */,
			);
			buildRules = (
			);
			dependencies = (
			);
			name = twitter;
			productName = twitter;
			productReference = 6A0B4CFC1DC67EA800DCA96F /* twitter.app */;
			productType = "com.apple.product-type.application";
		};
/* End PBXNativeTarget section */

/* Begin PBXProject section */
		6A0B4CF41DC67EA800DCA96F /* Project object */ = {
			isa = PBXProject;
			attributes = {
				LastSwiftUpdateCheck = 0810;
				LastUpgradeCheck = 0810;
				ORGANIZATIONNAME = "Emerson Malca";
				TargetAttributes = {
					6A0B4CFB1DC67EA800DCA96F = {
						CreatedOnToolsVersion = 8.1;
						DevelopmentTeam = 63XSXDMV4X;
						ProvisioningStyle = Automatic;
					};
				};
			};
			buildConfigurationList = 6A0B4CF71DC67EA800DCA96F /* Build configuration list for PBXProject "twitter" */;
			compatibilityVersion = "Xcode 3.2";
			developmentRegion = English;
			hasScannedForEncodings = 0;
			knownRegions = (
				en,
				Base,
			);
			mainGroup = 6A0B4CF31DC67EA800DCA96F;
			productRefGroup = 6A0B4CFD1DC67EA800DCA96F /* Products */;
			projectDirPath = "";
			projectRoot = "";
			targets = (
				6A0B4CFB1DC67EA800DCA96F /* twitter */,
			);
		};
/* End PBXProject section */

/* Begin PBXResourcesBuildPhase section */
		6A0B4CFA1DC67EA800DCA96F /* Resources */ = {
			isa = PBXResourcesBuildPhase;
			buildActionMask = 2147483647;
			files = (
				6A0B4D0A1DC67EA800DCA96F /* LaunchScreen.storyboard in Resources */,
				6A0B4D071DC67EA800DCA96F /* Assets.xcassets in Resources */,
				6A0B4D051DC67EA800DCA96F /* Main.storyboard in Resources */,
			);
			runOnlyForDeploymentPostprocessing = 0;
		};
/* End PBXResourcesBuildPhase section */

/* Begin PBXShellScriptBuildPhase section */
		5B1689A38B5FEE99719D0586 /* [CP] Embed Pods Frameworks */ = {
			isa = PBXShellScriptBuildPhase;
			buildActionMask = 2147483647;
			files = (
			);
			inputPaths = (
			);
			name = "[CP] Embed Pods Frameworks";
			outputPaths = (
			);
			runOnlyForDeploymentPostprocessing = 0;
			shellPath = /bin/sh;
			shellScript = "\"${SRCROOT}/Pods/Target Support Files/Pods-twitter/Pods-twitter-frameworks.sh\"\n";
			showEnvVarsInLog = 0;
		};
		B5B4A3644892C9341F8793E7 /* [CP] Check Pods Manifest.lock */ = {
			isa = PBXShellScriptBuildPhase;
			buildActionMask = 2147483647;
			files = (
			);
			inputPaths = (
			);
			name = "[CP] Check Pods Manifest.lock";
			outputPaths = (
			);
			runOnlyForDeploymentPostprocessing = 0;
			shellPath = /bin/sh;
			shellScript = "diff \"${PODS_ROOT}/../Podfile.lock\" \"${PODS_ROOT}/Manifest.lock\" > /dev/null\nif [[ $? != 0 ]] ; then\n    cat << EOM\nerror: The sandbox is not in sync with the Podfile.lock. Run 'pod install' or update your CocoaPods installation.\nEOM\n    exit 1\nfi\n";
			showEnvVarsInLog = 0;
		};
		DAC21B317A9C4AFA0791D70E /* [CP] Copy Pods Resources */ = {
			isa = PBXShellScriptBuildPhase;
			buildActionMask = 2147483647;
			files = (
			);
			inputPaths = (
			);
			name = "[CP] Copy Pods Resources";
			outputPaths = (
			);
			runOnlyForDeploymentPostprocessing = 0;
			shellPath = /bin/sh;
			shellScript = "\"${SRCROOT}/Pods/Target Support Files/Pods-twitter/Pods-twitter-resources.sh\"\n";
			showEnvVarsInLog = 0;
		};
/* End PBXShellScriptBuildPhase section */

/* Begin PBXSourcesBuildPhase section */
		6A0B4CF81DC67EA800DCA96F /* Sources */ = {
			isa = PBXSourcesBuildPhase;
			buildActionMask = 2147483647;
			files = (
				6A1DD6801DC6C8FB0078FC16 /* LoginViewController.swift in Sources */,
				6A0B4D021DC67EA800DCA96F /* ViewController.swift in Sources */,
				6A0B4D001DC67EA800DCA96F /* AppDelegate.swift in Sources */,
			);
			runOnlyForDeploymentPostprocessing = 0;
		};
/* End PBXSourcesBuildPhase section */

/* Begin PBXVariantGroup section */
		6A0B4D031DC67EA800DCA96F /* Main.storyboard */ = {
			isa = PBXVariantGroup;
			children = (
				6A0B4D041DC67EA800DCA96F /* Base */,
			);
			name = Main.storyboard;
			sourceTree = "<group>";
		};
		6A0B4D081DC67EA800DCA96F /* LaunchScreen.storyboard */ = {
			isa = PBXVariantGroup;
			children = (
				6A0B4D091DC67EA800DCA96F /* Base */,
			);
			name = LaunchScreen.storyboard;
			sourceTree = "<group>";
		};
/* End PBXVariantGroup section */

/* Begin XCBuildConfiguration section */
		6A0B4D0C1DC67EA800DCA96F /* Debug */ = {
			isa = XCBuildConfiguration;
			buildSettings = {
				ALWAYS_SEARCH_USER_PATHS = NO;
				CLANG_ANALYZER_NONNULL = YES;
				CLANG_CXX_LANGUAGE_STANDARD = "gnu++0x";
				CLANG_CXX_LIBRARY = "libc++";
				CLANG_ENABLE_MODULES = YES;
				CLANG_ENABLE_OBJC_ARC = YES;
				CLANG_WARN_BOOL_CONVERSION = YES;
				CLANG_WARN_CONSTANT_CONVERSION = YES;
				CLANG_WARN_DIRECT_OBJC_ISA_USAGE = YES_ERROR;
				CLANG_WARN_DOCUMENTATION_COMMENTS = YES;
				CLANG_WARN_EMPTY_BODY = YES;
				CLANG_WARN_ENUM_CONVERSION = YES;
				CLANG_WARN_INFINITE_RECURSION = YES;
				CLANG_WARN_INT_CONVERSION = YES;
				CLANG_WARN_OBJC_ROOT_CLASS = YES_ERROR;
				CLANG_WARN_SUSPICIOUS_MOVES = YES;
				CLANG_WARN_UNREACHABLE_CODE = YES;
				CLANG_WARN__DUPLICATE_METHOD_MATCH = YES;
				"CODE_SIGN_IDENTITY[sdk=iphoneos*]" = "iPhone Developer";
				COPY_PHASE_STRIP = NO;
				DEBUG_INFORMATION_FORMAT = dwarf;
				ENABLE_STRICT_OBJC_MSGSEND = YES;
				ENABLE_TESTABILITY = YES;
				GCC_C_LANGUAGE_STANDARD = gnu99;
				GCC_DYNAMIC_NO_PIC = NO;
				GCC_NO_COMMON_BLOCKS = YES;
				GCC_OPTIMIZATION_LEVEL = 0;
				GCC_PREPROCESSOR_DEFINITIONS = (
					"DEBUG=1",
					"$(inherited)",
				);
				GCC_WARN_64_TO_32_BIT_CONVERSION = YES;
				GCC_WARN_ABOUT_RETURN_TYPE = YES_ERROR;
				GCC_WARN_UNDECLARED_SELECTOR = YES;
				GCC_WARN_UNINITIALIZED_AUTOS = YES_AGGRESSIVE;
				GCC_WARN_UNUSED_FUNCTION = YES;
				GCC_WARN_UNUSED_VARIABLE = YES;
				IPHONEOS_DEPLOYMENT_TARGET = 10.1;
				MTL_ENABLE_DEBUG_INFO = YES;
				ONLY_ACTIVE_ARCH = YES;
				SDKROOT = iphoneos;
				SWIFT_ACTIVE_COMPILATION_CONDITIONS = DEBUG;
				SWIFT_OPTIMIZATION_LEVEL = "-Onone";
			};
			name = Debug;
		};
		6A0B4D0D1DC67EA800DCA96F /* Release */ = {
			isa = XCBuildConfiguration;
			buildSettings = {
				ALWAYS_SEARCH_USER_PATHS = NO;
				CLANG_ANALYZER_NONNULL = YES;
				CLANG_CXX_LANGUAGE_STANDARD = "gnu++0x";
				CLANG_CXX_LIBRARY = "libc++";
				CLANG_ENABLE_MODULES = YES;
				CLANG_ENABLE_OBJC_ARC = YES;
				CLANG_WARN_BOOL_CONVERSION = YES;
				CLANG_WARN_CONSTANT_CONVERSION = YES;
				CLANG_WARN_DIRECT_OBJC_ISA_USAGE = YES_ERROR;
				CLANG_WARN_DOCUMENTATION_COMMENTS = YES;
				CLANG_WARN_EMPTY_BODY = YES;
				CLANG_WARN_ENUM_CONVERSION = YES;
				CLANG_WARN_INFINITE_RECURSION = YES;
				CLANG_WARN_INT_CONVERSION = YES;
				CLANG_WARN_OBJC_ROOT_CLASS = YES_ERROR;
				CLANG_WARN_SUSPICIOUS_MOVES = YES;
				CLANG_WARN_UNREACHABLE_CODE = YES;
				CLANG_WARN__DUPLICATE_METHOD_MATCH = YES;
				"CODE_SIGN_IDENTITY[sdk=iphoneos*]" = "iPhone Developer";
				COPY_PHASE_STRIP = NO;
				DEBUG_INFORMATION_FORMAT = "dwarf-with-dsym";
				ENABLE_NS_ASSERTIONS = NO;
				ENABLE_STRICT_OBJC_MSGSEND = YES;
				GCC_C_LANGUAGE_STANDARD = gnu99;
				GCC_NO_COMMON_BLOCKS = YES;
				GCC_WARN_64_TO_32_BIT_CONVERSION = YES;
				GCC_WARN_ABOUT_RETURN_TYPE = YES_ERROR;
				GCC_WARN_UNDECLARED_SELECTOR = YES;
				GCC_WARN_UNINITIALIZED_AUTOS = YES_AGGRESSIVE;
				GCC_WARN_UNUSED_FUNCTION = YES;
				GCC_WARN_UNUSED_VARIABLE = YES;
				IPHONEOS_DEPLOYMENT_TARGET = 10.1;
				MTL_ENABLE_DEBUG_INFO = NO;
				SDKROOT = iphoneos;
				SWIFT_OPTIMIZATION_LEVEL = "-Owholemodule";
				VALIDATE_PRODUCT = YES;
			};
			name = Release;
		};
		6A0B4D0F1DC67EA800DCA96F /* Debug */ = {
			isa = XCBuildConfiguration;
			baseConfigurationReference = BB18D694A366204F17D57564 /* Pods-twitter.debug.xcconfig */;
			buildSettings = {
				ASSETCATALOG_COMPILER_APPICON_NAME = AppIcon;
				DEVELOPMENT_TEAM = 63XSXDMV4X;
				INFOPLIST_FILE = twitter/Info.plist;
				LD_RUNPATH_SEARCH_PATHS = "$(inherited) @executable_path/Frameworks";
				PRODUCT_BUNDLE_IDENTIFIER = com.emerson.tweets;
				PRODUCT_NAME = "$(TARGET_NAME)";
				SWIFT_VERSION = 3.0;
			};
			name = Debug;
		};
		6A0B4D101DC67EA800DCA96F /* Release */ = {
			isa = XCBuildConfiguration;
			baseConfigurationReference = 6C1171CB3820A0EA3A84656E /* Pods-twitter.release.xcconfig */;
			buildSettings = {
				ASSETCATALOG_COMPILER_APPICON_NAME = AppIcon;
				DEVELOPMENT_TEAM = 63XSXDMV4X;
				INFOPLIST_FILE = twitter/Info.plist;
				LD_RUNPATH_SEARCH_PATHS = "$(inherited) @executable_path/Frameworks";
				PRODUCT_BUNDLE_IDENTIFIER = com.emerson.tweets;
				PRODUCT_NAME = "$(TARGET_NAME)";
				SWIFT_VERSION = 3.0;
			};
			name = Release;
		};
/* End XCBuildConfiguration section */

/* Begin XCConfigurationList section */
		6A0B4CF71DC67EA800DCA96F /* Build configuration list for PBXProject "twitter" */ = {
			isa = XCConfigurationList;
			buildConfigurations = (
				6A0B4D0C1DC67EA800DCA96F /* Debug */,
				6A0B4D0D1DC67EA800DCA96F /* Release */,
			);
			defaultConfigurationIsVisible = 0;
			defaultConfigurationName = Release;
		};
		6A0B4D0E1DC67EA800DCA96F /* Build configuration list for PBXNativeTarget "twitter" */ = {
			isa = XCConfigurationList;
			buildConfigurations = (
				6A0B4D0F1DC67EA800DCA96F /* Debug */,
				6A0B4D101DC67EA800DCA96F /* Release */,
			);
			defaultConfigurationIsVisible = 0;
			defaultConfigurationName = Release;
		};
/* End XCConfigurationList section */
	};
	rootObject = 6A0B4CF41DC67EA800DCA96F /* Project object */;
}
